
Microsoft Visual Studio Solution File, Format Version 12.00
# Visual Studio Version 16
VisualStudioVersion = 16.0.31729.503
MinimumVisualStudioVersion = 10.0.40219.1
Project("{9A19103F-16F7-4668-BE54-9A1E7A4F7556}") = "DomainTests", "DomainTests\DomainTests.csproj", "{1DEE4B8B-CAA0-4F89-A176-A1C4E9C97C16}"
EndProject
Project("{9A19103F-16F7-4668-BE54-9A1E7A4F7556}") = "SampleProject", "SampleProject\SampleProject.csproj", "{0DAAF616-E17F-48AD-9F45-F79BED02EB01}"
EndProject
Global
	GlobalSection(SolutionConfigurationPlatforms) = preSolution
		Debug|Any CPU = Debug|Any CPU
		Release|Any CPU = Release|Any CPU
	EndGlobalSection
	GlobalSection(ProjectConfigurationPlatforms) = postSolution
		{1DEE4B8B-CAA0-4F89-A176-A1C4E9C97C16}.Debug|Any CPU.ActiveCfg = Debug|Any CPU
		{1DEE4B8B-CAA0-4F89-A176-A1C4E9C97C16}.Debug|Any CPU.Build.0 = Debug|Any CPU
		{1DEE4B8B-CAA0-4F89-A176-A1C4E9C97C16}.Release|Any CPU.ActiveCfg = Release|Any CPU
		{1DEE4B8B-CAA0-4F89-A176-A1C4E9C97C16}.Release|Any CPU.Build.0 = Release|Any CPU
		{0DAAF616-E17F-48AD-9F45-F79BED02EB01}.Debug|Any CPU.ActiveCfg = Debug|Any CPU
		{0DAAF616-E17F-48AD-9F45-F79BED02EB01}.Debug|Any CPU.Build.0 = Debug|Any CPU
		{0DAAF616-E17F-48AD-9F45-F79BED02EB01}.Release|Any CPU.ActiveCfg = Release|Any CPU
		{0DAAF616-E17F-48AD-9F45-F79BED02EB01}.Release|Any CPU.Build.0 = Release|Any CPU
	EndGlobalSection
	GlobalSection(SolutionProperties) = preSolution
		HideSolutionNode = FALSE
	EndGlobalSection
	GlobalSection(ExtensibilityGlobals) = postSolution
		SolutionGuid = {6137B03D-45B3-428E-86EC-546760DA8177}
	EndGlobalSection
EndGlobal
